{
  "version": 4,
  "terraform_version": "1.9.8",
  "serial": 19,
  "lineage": "2f13390b-833f-649d-4c8c-0cf9c7482ed6",
  "outputs": {},
  "resources": [
    {
      "mode": "data",
      "type": "aws_subnets",
      "name": "default",
      "provider": "provider[\"registry.terraform.io/hashicorp/aws\"]",
      "instances": [
        {
          "schema_version": 0,
          "attributes": {
            "filter": [
              {
                "name": "vpc-id",
                "values": [
                  "vpc-0930a2461933a394f"
                ]
              }
            ],
            "id": "ap-south-1",
            "ids": [
              "subnet-0112d58f8e5b3cb52",
              "subnet-042904a3cc1910a9d",
              "subnet-0ac3f8ff112eae6e4"
            ],
            "tags": null,
            "timeouts": null
          },
          "sensitive_attributes": []
        }
      ]
    },
    {
      "mode": "data",
      "type": "aws_vpc",
      "name": "default",
      "provider": "provider[\"registry.terraform.io/hashicorp/aws\"]",
      "instances": [
        {
          "schema_version": 0,
          "attributes": {
            "arn": "arn:aws:ec2:ap-south-1:249797266284:vpc/vpc-0930a2461933a394f",
            "cidr_block": "172.31.0.0/16",
            "cidr_block_associations": [
              {
                "association_id": "vpc-cidr-assoc-0d0200759f4bcee03",
                "cidr_block": "172.31.0.0/16",
                "state": "associated"
              }
            ],
            "default": true,
            "dhcp_options_id": "dopt-0ff04b0cfafde1bbb",
            "enable_dns_hostnames": true,
            "enable_dns_support": true,
            "enable_network_address_usage_metrics": false,
            "filter": null,
            "id": "vpc-0930a2461933a394f",
            "instance_tenancy": "default",
            "ipv6_association_id": "",
            "ipv6_cidr_block": "",
            "main_route_table_id": "rtb-043bb57a8372eda19",
            "owner_id": "249797266284",
            "state": null,
            "tags": {},
            "timeouts": null
          },
          "sensitive_attributes": []
        }
      ]
    },
    {
      "mode": "managed",
      "type": "aws_eks_cluster",
      "name": "my_cluster",
      "provider": "provider[\"registry.terraform.io/hashicorp/aws\"]",
      "instances": [
        {
          "schema_version": 1,
          "attributes": {
            "access_config": [
              {
                "authentication_mode": "CONFIG_MAP",
                "bootstrap_cluster_creator_admin_permissions": true
              }
            ],
            "arn": "arn:aws:eks:ap-south-1:249797266284:cluster/my-kubernetes-cluster",
            "bootstrap_self_managed_addons": true,
            "certificate_authority": [
              {
                "data": "LS0tLS1CRUdJTiBDRVJUSUZJQ0FURS0tLS0tCk1JSURCVENDQWUyZ0F3SUJBZ0lJTlBkY3BKb0tDaWd3RFFZSktvWklodmNOQVFFTEJRQXdGVEVUTUJFR0ExVUUKQXhNS2EzVmlaWEp1WlhSbGN6QWVGdzB5TkRFeE1qZ3dPVEExTURGYUZ3MHpOREV4TWpZd09URXdNREZhTUJVeApFekFSQmdOVkJBTVRDbXQxWW1WeWJtVjBaWE13Z2dFaU1BMEdDU3FHU0liM0RRRUJBUVVBQTRJQkR3QXdnZ0VLCkFvSUJBUUMrTlBreVE4M1FhVWVUS0M1WG93RGdyRHhSUk80Ui8zUlRtb0tBbUFFMmVVUi9FMXJYemNsYVdvM3AKY1dtM1VrdjVQbjhtekNOdXhKcjRIbTFFcDg3UHR2NUxVZEx6TXVPdTNDZVkvMTZrckdMQUZSZUVjeU43Z0huSAo4aHM3Ry9TNEFvU3M2SnphRXY3V1lBWnpQcThWMFZnU3lKa0N3b1B2RGUrdjVCeHJLMTc4d3E2dFoyK0tCTVVUCkpDYm8yUlVNbjBhd2hndHUwVXJkMVlxdHg1QUdDbFZBZUp2elE5WE9XSkpzdy9XVG0zWWowUHdVcDNWdXBKTlAKVVhKeUh3R1hVblNRa214ckl1VjRtU1ZkRTVLWkxYeVM3ZFhtVDFBTVlrOGlDeHRHWWhGb0pQL2xMcCtCZUlRbApUV0JHOU45blBleVdPSThDVGRTbll6a3UvZEZKQWdNQkFBR2pXVEJYTUE0R0ExVWREd0VCL3dRRUF3SUNwREFQCkJnTlZIUk1CQWY4RUJUQURBUUgvTUIwR0ExVWREZ1FXQkJSNlZoOERadUUwQmNRSEFRTXM3M2hkY3R2WlRUQVYKQmdOVkhSRUVEakFNZ2dwcmRXSmxjbTVsZEdWek1BMEdDU3FHU0liM0RRRUJDd1VBQTRJQkFRQnhMRmpwc0N1Mwp0KzJvczdha25WbnJlbmU5aVUxd0dva01YUEhrK0EvdUNnZzBpZE1mNHArL3hnaE9PcUVDZ1YzakJUWUlwVjdECkFhSm1EZE9wVXpBWTQyalY2OXoxQlpwMnp0YTFpVWkrMzU4V0FWbWhMQzdrdXJOWHgvdmRCbDlKNnRKbldaRXMKL3lxTWpjOHVBcHQvTVJ6b3BYcy9qby9idngyV2V3U1JNTFE5U2RmN3VTR0tyN1dyUm1WODJ5aC9lR08yN3lVMgpVdDlDdkd6RVlEVk1yMXBYMGhlOXlmeHZUWmlMeW4xRlN6SGhvZzhnUVgvajJ0cUtiQldDZ0RYbGhhN3QreWRhCjJNL1hnSEYvQ1ltUVJ1SWFtSkZGMkNMQTJydjlVcDhyUS9Reks3RVM2aWQ0dWxabWN4NHh5Z0tUajN0bU85cWIKRTBRb3FZbllJY0hBCi0tLS0tRU5EIENFUlRJRklDQVRFLS0tLS0K"
              }
            ],
            "cluster_id": null,
            "created_at": "2024-11-28T09:05:42Z",
            "enabled_cluster_log_types": [],
            "encryption_config": [],
            "endpoint": "https://0D463451078D5B80F300F912550F743A.gr7.ap-south-1.eks.amazonaws.com",
            "id": "my-kubernetes-cluster",
            "identity": [
              {
                "oidc": [
                  {
                    "issuer": "https://oidc.eks.ap-south-1.amazonaws.com/id/0D463451078D5B80F300F912550F743A"
                  }
                ]
              }
            ],
            "kubernetes_network_config": [
              {
                "ip_family": "ipv4",
                "service_ipv4_cidr": "10.100.0.0/16",
                "service_ipv6_cidr": ""
              }
            ],
            "name": "my-kubernetes-cluster",
            "outpost_config": [],
            "platform_version": "eks.12",
            "role_arn": "arn:aws:iam::249797266284:role/eks-role",
            "status": "ACTIVE",
            "tags": {},
            "tags_all": {},
            "timeouts": null,
            "upgrade_policy": [
              {
                "support_type": "EXTENDED"
              }
            ],
            "version": "1.31",
            "vpc_config": [
              {
                "cluster_security_group_id": "sg-03b1321d53915bf87",
                "endpoint_private_access": false,
                "endpoint_public_access": true,
                "public_access_cidrs": [
                  "0.0.0.0/0"
                ],
                "security_group_ids": [],
                "subnet_ids": [
                  "subnet-0112d58f8e5b3cb52",
                  "subnet-042904a3cc1910a9d",
                  "subnet-0ac3f8ff112eae6e4"
                ],
                "vpc_id": "vpc-0930a2461933a394f"
              }
            ],
            "zonal_shift_config": []
          },
          "sensitive_attributes": [],
          "private": "eyJlMmJmYjczMC1lY2FhLTExZTYtOGY4OC0zNDM2M2JjN2M0YzAiOnsiY3JlYXRlIjoxODAwMDAwMDAwMDAwLCJkZWxldGUiOjkwMDAwMDAwMDAwMCwidXBkYXRlIjozNjAwMDAwMDAwMDAwfSwic2NoZW1hX3ZlcnNpb24iOiIxIn0=",
          "dependencies": [
            "aws_iam_role.eks_role",
            "data.aws_subnets.default",
            "data.aws_vpc.default"
          ]
        }
      ]
    },
    {
      "mode": "managed",
      "type": "aws_eks_node_group",
      "name": "node_group",
      "provider": "provider[\"registry.terraform.io/hashicorp/aws\"]",
      "instances": [
        {
          "schema_version": 0,
          "attributes": {
            "ami_type": "AL2_x86_64",
            "arn": "arn:aws:eks:ap-south-1:249797266284:nodegroup/my-kubernetes-cluster/my-node-group/3cc9b914-27af-f770-4c3d-ea13d3d4a64b",
            "capacity_type": "ON_DEMAND",
            "cluster_name": "my-kubernetes-cluster",
            "disk_size": 20,
            "force_update_version": null,
            "id": "my-kubernetes-cluster:my-node-group",
            "instance_types": [
              "t3.medium"
            ],
            "labels": {},
            "launch_template": [],
            "node_group_name": "my-node-group",
            "node_group_name_prefix": "",
            "node_role_arn": "arn:aws:iam::249797266284:role/eks-ec2-role",
            "release_version": "1.31.2-20241121",
            "remote_access": [],
            "resources": [
              {
                "autoscaling_groups": [
                  {
                    "name": "eks-my-node-group-3cc9b914-27af-f770-4c3d-ea13d3d4a64b"
                  }
                ],
                "remote_access_security_group_id": ""
              }
            ],
            "scaling_config": [
              {
                "desired_size": 2,
                "max_size": 3,
                "min_size": 1
              }
            ],
            "status": "ACTIVE",
            "subnet_ids": [
              "subnet-0112d58f8e5b3cb52",
              "subnet-042904a3cc1910a9d",
              "subnet-0ac3f8ff112eae6e4"
            ],
            "tags": {},
            "tags_all": {},
            "taint": [],
            "timeouts": null,
            "update_config": [
              {
                "max_unavailable": 1,
                "max_unavailable_percentage": 0
              }
            ],
            "version": "1.31"
          },
          "sensitive_attributes": [],
          "private": "eyJlMmJmYjczMC1lY2FhLTExZTYtOGY4OC0zNDM2M2JjN2M0YzAiOnsiY3JlYXRlIjozNjAwMDAwMDAwMDAwLCJkZWxldGUiOjM2MDAwMDAwMDAwMDAsInVwZGF0ZSI6MzYwMDAwMDAwMDAwMH19",
          "dependencies": [
            "aws_eks_cluster.my_cluster",
            "aws_iam_role.ec2_role",
            "aws_iam_role.eks_role",
            "data.aws_subnets.default",
            "data.aws_vpc.default"
          ]
        }
      ]
    },
    {
      "mode": "managed",
      "type": "aws_iam_role",
      "name": "ec2_role",
      "provider": "provider[\"registry.terraform.io/hashicorp/aws\"]",
      "instances": [
        {
          "schema_version": 0,
          "attributes": {
            "arn": "arn:aws:iam::249797266284:role/eks-ec2-role",
            "assume_role_policy": "{\"Statement\":[{\"Action\":\"sts:AssumeRole\",\"Effect\":\"Allow\",\"Principal\":{\"Service\":\"ec2.amazonaws.com\"}}],\"Version\":\"2012-10-17\"}",
            "create_date": "2024-11-28T09:05:38Z",
            "description": "",
            "force_detach_policies": false,
            "id": "eks-ec2-role",
            "inline_policy": [],
            "managed_policy_arns": [
              "arn:aws:iam::aws:policy/AdministratorAccess",
              "arn:aws:iam::aws:policy/AmazonEC2ContainerRegistryReadOnly"
            ],
            "max_session_duration": 3600,
            "name": "eks-ec2-role",
            "name_prefix": "",
            "path": "/",
            "permissions_boundary": "",
            "tags": {},
            "tags_all": {},
            "unique_id": "AROATUKITZNWFTBEQ2YR6"
          },
          "sensitive_attributes": [],
          "private": "bnVsbA=="
        }
      ]
    },
    {
      "mode": "managed",
      "type": "aws_iam_role",
      "name": "eks_role",
      "provider": "provider[\"registry.terraform.io/hashicorp/aws\"]",
      "instances": [
        {
          "schema_version": 0,
          "attributes": {
            "arn": "arn:aws:iam::249797266284:role/eks-role",
            "assume_role_policy": "{\"Statement\":[{\"Action\":\"sts:AssumeRole\",\"Effect\":\"Allow\",\"Principal\":{\"Service\":\"eks.amazonaws.com\"}}],\"Version\":\"2012-10-17\"}",
            "create_date": "2024-11-28T09:05:38Z",
            "description": "",
            "force_detach_policies": false,
            "id": "eks-role",
            "inline_policy": [],
            "managed_policy_arns": [
              "arn:aws:iam::aws:policy/AdministratorAccess"
            ],
            "max_session_duration": 3600,
            "name": "eks-role",
            "name_prefix": "",
            "path": "/",
            "permissions_boundary": "",
            "tags": {},
            "tags_all": {},
            "unique_id": "AROATUKITZNWMY5ONIBC5"
          },
          "sensitive_attributes": [],
          "private": "bnVsbA=="
        }
      ]
    },
    {
      "mode": "managed",
      "type": "aws_iam_role_policy_attachment",
      "name": "ec2_policies",
      "provider": "provider[\"registry.terraform.io/hashicorp/aws\"]",
      "instances": [
        {
          "index_key": 0,
          "schema_version": 0,
          "attributes": {
            "id": "eks-ec2-role-20241128094236543700000002",
            "policy_arn": "arn:aws:iam::aws:policy/AdministratorAccess",
            "role": "eks-ec2-role"
          },
          "sensitive_attributes": [],
          "private": "bnVsbA==",
          "dependencies": [
            "aws_iam_role.ec2_role"
          ]
        },
        {
          "index_key": 1,
          "schema_version": 0,
          "attributes": {
            "id": "eks-ec2-role-20241128095157866900000001",
            "policy_arn": "arn:aws:iam::aws:policy/AmazonEKSWorkerNodePolicy",
            "role": "eks-ec2-role"
          },
          "sensitive_attributes": [],
          "private": "bnVsbA==",
          "dependencies": [
            "aws_iam_role.ec2_role"
          ]
        },
        {
          "index_key": 2,
          "schema_version": 0,
          "attributes": {
            "id": "eks-ec2-role-20241128090607648300000002",
            "policy_arn": "arn:aws:iam::aws:policy/AmazonEC2ContainerRegistryReadOnly",
            "role": "eks-ec2-role"
          },
          "sensitive_attributes": [],
          "private": "bnVsbA==",
          "dependencies": [
            "aws_iam_role.ec2_role"
          ]
        }
      ]
    },
    {
      "mode": "managed",
      "type": "aws_iam_role_policy_attachment",
      "name": "eks_policy_attachment",
      "provider": "provider[\"registry.terraform.io/hashicorp/aws\"]",
      "instances": [
        {
          "schema_version": 0,
          "attributes": {
            "id": "eks-role-20241128094236539200000001",
            "policy_arn": "arn:aws:iam::aws:policy/AdministratorAccess",
            "role": "eks-role"
          },
          "sensitive_attributes": [],
          "private": "bnVsbA==",
          "dependencies": [
            "aws_iam_role.eks_role"
          ]
        }
      ]
    }
  ],
  "check_results": null
}
